// !$*UTF8*$!
{
	archiveVersion = 1;
	classes = {
	};
	objectVersion = 56;
	objects = {

/* Begin PBXBuildFile section */
		0F165B7D2A994DDF00A49A49 /* AudioManager.swift in Sources */ = {isa = PBXBuildFile; fileRef = 0F165B7C2A994DDF00A49A49 /* AudioManager.swift */; };
		0F1A9C1E2AA93505005E09C6 /* GenreViewModel.swift in Sources */ = {isa = PBXBuildFile; fileRef = 0F1A9C1D2AA93505005E09C6 /* GenreViewModel.swift */; };
		0F2DF9E32A7EFFEC00356508 /* AlbumCollectionViewCell.swift in Sources */ = {isa = PBXBuildFile; fileRef = 0F2DF9E22A7EFFEC00356508 /* AlbumCollectionViewCell.swift */; };
		0F4256CC2A7A8CBA00710303 /* GenreCollectionViewCell.swift in Sources */ = {isa = PBXBuildFile; fileRef = 0F4256CB2A7A8CBA00710303 /* GenreCollectionViewCell.swift */; };
		0F4256D02A7AA10600710303 /* GenreModel.swift in Sources */ = {isa = PBXBuildFile; fileRef = 0F4256CF2A7AA10600710303 /* GenreModel.swift */; };
		0F4256D22A7AB89F00710303 /* APIManager.swift in Sources */ = {isa = PBXBuildFile; fileRef = 0F4256D12A7AB89F00710303 /* APIManager.swift */; };
		0F43A0612A728A1C002D0D6C /* GenreViewController.swift in Sources */ = {isa = PBXBuildFile; fileRef = 0F43A0602A728A1C002D0D6C /* GenreViewController.swift */; };
		0F4FC4B32A8E84B200576734 /* LikesCollectionViewCell.swift in Sources */ = {isa = PBXBuildFile; fileRef = 0F4FC4B22A8E84B200576734 /* LikesCollectionViewCell.swift */; };
		0F4FC4B52A8E84D200576734 /* LikesViewController.swift in Sources */ = {isa = PBXBuildFile; fileRef = 0F4FC4B42A8E84D200576734 /* LikesViewController.swift */; };
		0F4FC4B72A8E850F00576734 /* LikesViewModel.swift in Sources */ = {isa = PBXBuildFile; fileRef = 0F4FC4B62A8E850F00576734 /* LikesViewModel.swift */; };
		0F6C682D2A90320B00168F83 /* LikeModel.xcdatamodeld in Sources */ = {isa = PBXBuildFile; fileRef = 0F6C682B2A90320B00168F83 /* LikeModel.xcdatamodeld */; };
		0F74E3CD2A71D339007EED56 /* AppDelegate.swift in Sources */ = {isa = PBXBuildFile; fileRef = 0F74E3CC2A71D339007EED56 /* AppDelegate.swift */; };
		0F74E3CF2A71D339007EED56 /* SceneDelegate.swift in Sources */ = {isa = PBXBuildFile; fileRef = 0F74E3CE2A71D339007EED56 /* SceneDelegate.swift */; };
		0F74E3D42A71D339007EED56 /* Main.storyboard in Resources */ = {isa = PBXBuildFile; fileRef = 0F74E3D22A71D339007EED56 /* Main.storyboard */; };
		0F74E3D62A71D33E007EED56 /* Assets.xcassets in Resources */ = {isa = PBXBuildFile; fileRef = 0F74E3D52A71D33E007EED56 /* Assets.xcassets */; };
		0F74E3D92A71D33E007EED56 /* LaunchScreen.storyboard in Resources */ = {isa = PBXBuildFile; fileRef = 0F74E3D72A71D33E007EED56 /* LaunchScreen.storyboard */; };
		0F8648512A7EE7390059C736 /* ArtistDetailViewController.swift in Sources */ = {isa = PBXBuildFile; fileRef = 0F8648502A7EE7390059C736 /* ArtistDetailViewController.swift */; };
		0F8648532A7EE7860059C736 /* ArtistDetailViewModel.swift in Sources */ = {isa = PBXBuildFile; fileRef = 0F8648522A7EE7860059C736 /* ArtistDetailViewModel.swift */; };
		0F8648552A7EE7A80059C736 /* AlbumListModel.swift in Sources */ = {isa = PBXBuildFile; fileRef = 0F8648542A7EE7A80059C736 /* AlbumListModel.swift */; };
		0F9FAD842A88304200846530 /* AlbumDetailModel.swift in Sources */ = {isa = PBXBuildFile; fileRef = 0F9FAD832A88304200846530 /* AlbumDetailModel.swift */; };
		0F9FAD862A88305A00846530 /* AlbumDetailViewModel.swift in Sources */ = {isa = PBXBuildFile; fileRef = 0F9FAD852A88305A00846530 /* AlbumDetailViewModel.swift */; };
		0FAC732A2A7C501C00168DA4 /* ArtistViewModel.swift in Sources */ = {isa = PBXBuildFile; fileRef = 0FAC73292A7C501C00168DA4 /* ArtistViewModel.swift */; };
		0FAC732C2A7C503500168DA4 /* ArtistModel.swift in Sources */ = {isa = PBXBuildFile; fileRef = 0FAC732B2A7C503500168DA4 /* ArtistModel.swift */; };
		0FAC732E2A7C513B00168DA4 /* ArtistViewController.swift in Sources */ = {isa = PBXBuildFile; fileRef = 0FAC732D2A7C513B00168DA4 /* ArtistViewController.swift */; };
		0FAC73302A7C521C00168DA4 /* ArtistCollectionViewCell.swift in Sources */ = {isa = PBXBuildFile; fileRef = 0FAC732F2A7C521C00168DA4 /* ArtistCollectionViewCell.swift */; };
		0FB30A772A86E3C6008B97A2 /* AlbumDetailViewController.swift in Sources */ = {isa = PBXBuildFile; fileRef = 0FB30A762A86E3C6008B97A2 /* AlbumDetailViewController.swift */; };
		0FB30A792A86EDC2008B97A2 /* AlbumDetailCollectionViewCell.swift in Sources */ = {isa = PBXBuildFile; fileRef = 0FB30A782A86EDC2008B97A2 /* AlbumDetailCollectionViewCell.swift */; };
		0FCB35B92A90EC7A004A73CD /* CoreDataStack.swift in Sources */ = {isa = PBXBuildFile; fileRef = 0FCB35B82A90EC7A004A73CD /* CoreDataStack.swift */; };
		0FE233392A81A4F6008B2D99 /* ImageLoader.swift in Sources */ = {isa = PBXBuildFile; fileRef = 0FE233382A81A4F6008B2D99 /* ImageLoader.swift */; };
/* End PBXBuildFile section */

/* Begin PBXFileReference section */
		0F165B7C2A994DDF00A49A49 /* AudioManager.swift */ = {isa = PBXFileReference; lastKnownFileType = sourcecode.swift; path = AudioManager.swift; sourceTree = "<group>"; };
		0F1A9C1D2AA93505005E09C6 /* GenreViewModel.swift */ = {isa = PBXFileReference; lastKnownFileType = sourcecode.swift; path = GenreViewModel.swift; sourceTree = "<group>"; };
		0F2DF9E22A7EFFEC00356508 /* AlbumCollectionViewCell.swift */ = {isa = PBXFileReference; lastKnownFileType = sourcecode.swift; path = AlbumCollectionViewCell.swift; sourceTree = "<group>"; };
		0F4256CB2A7A8CBA00710303 /* GenreCollectionViewCell.swift */ = {isa = PBXFileReference; lastKnownFileType = sourcecode.swift; path = GenreCollectionViewCell.swift; sourceTree = "<group>"; };
		0F4256CF2A7AA10600710303 /* GenreModel.swift */ = {isa = PBXFileReference; lastKnownFileType = sourcecode.swift; path = GenreModel.swift; sourceTree = "<group>"; };
		0F4256D12A7AB89F00710303 /* APIManager.swift */ = {isa = PBXFileReference; lastKnownFileType = sourcecode.swift; path = APIManager.swift; sourceTree = "<group>"; };
		0F43A0602A728A1C002D0D6C /* GenreViewController.swift */ = {isa = PBXFileReference; lastKnownFileType = sourcecode.swift; path = GenreViewController.swift; sourceTree = "<group>"; };
		0F4FC4B22A8E84B200576734 /* LikesCollectionViewCell.swift */ = {isa = PBXFileReference; lastKnownFileType = sourcecode.swift; path = LikesCollectionViewCell.swift; sourceTree = "<group>"; };
		0F4FC4B42A8E84D200576734 /* LikesViewController.swift */ = {isa = PBXFileReference; lastKnownFileType = sourcecode.swift; path = LikesViewController.swift; sourceTree = "<group>"; };
		0F4FC4B62A8E850F00576734 /* LikesViewModel.swift */ = {isa = PBXFileReference; lastKnownFileType = sourcecode.swift; path = LikesViewModel.swift; sourceTree = "<group>"; };
		0F6C682C2A90320B00168F83 /* LikeModel.xcdatamodel */ = {isa = PBXFileReference; lastKnownFileType = wrapper.xcdatamodel; path = LikeModel.xcdatamodel; sourceTree = "<group>"; };
		0F74E3C92A71D339007EED56 /* DeezerAppSwift.app */ = {isa = PBXFileReference; explicitFileType = wrapper.application; includeInIndex = 0; path = DeezerAppSwift.app; sourceTree = BUILT_PRODUCTS_DIR; };
		0F74E3CC2A71D339007EED56 /* AppDelegate.swift */ = {isa = PBXFileReference; lastKnownFileType = sourcecode.swift; path = AppDelegate.swift; sourceTree = "<group>"; };
		0F74E3CE2A71D339007EED56 /* SceneDelegate.swift */ = {isa = PBXFileReference; lastKnownFileType = sourcecode.swift; path = SceneDelegate.swift; sourceTree = "<group>"; };
		0F74E3D32A71D339007EED56 /* Base */ = {isa = PBXFileReference; lastKnownFileType = file.storyboard; name = Base; path = Base.lproj/Main.storyboard; sourceTree = "<group>"; };
		0F74E3D52A71D33E007EED56 /* Assets.xcassets */ = {isa = PBXFileReference; lastKnownFileType = folder.assetcatalog; path = Assets.xcassets; sourceTree = "<group>"; };
		0F74E3D82A71D33E007EED56 /* Base */ = {isa = PBXFileReference; lastKnownFileType = file.storyboard; name = Base; path = Base.lproj/LaunchScreen.storyboard; sourceTree = "<group>"; };
		0F74E3DA2A71D33E007EED56 /* Info.plist */ = {isa = PBXFileReference; lastKnownFileType = text.plist.xml; path = Info.plist; sourceTree = "<group>"; };
		0F8648502A7EE7390059C736 /* ArtistDetailViewController.swift */ = {isa = PBXFileReference; lastKnownFileType = sourcecode.swift; path = ArtistDetailViewController.swift; sourceTree = "<group>"; };
		0F8648522A7EE7860059C736 /* ArtistDetailViewModel.swift */ = {isa = PBXFileReference; lastKnownFileType = sourcecode.swift; path = ArtistDetailViewModel.swift; sourceTree = "<group>"; };
		0F8648542A7EE7A80059C736 /* AlbumListModel.swift */ = {isa = PBXFileReference; lastKnownFileType = sourcecode.swift; path = AlbumListModel.swift; sourceTree = "<group>"; };
		0F9FAD832A88304200846530 /* AlbumDetailModel.swift */ = {isa = PBXFileReference; lastKnownFileType = sourcecode.swift; path = AlbumDetailModel.swift; sourceTree = "<group>"; };
		0F9FAD852A88305A00846530 /* AlbumDetailViewModel.swift */ = {isa = PBXFileReference; lastKnownFileType = sourcecode.swift; path = AlbumDetailViewModel.swift; sourceTree = "<group>"; };
		0FAC73292A7C501C00168DA4 /* ArtistViewModel.swift */ = {isa = PBXFileReference; lastKnownFileType = sourcecode.swift; path = ArtistViewModel.swift; sourceTree = "<group>"; };
		0FAC732B2A7C503500168DA4 /* ArtistModel.swift */ = {isa = PBXFileReference; lastKnownFileType = sourcecode.swift; path = ArtistModel.swift; sourceTree = "<group>"; };
		0FAC732D2A7C513B00168DA4 /* ArtistViewController.swift */ = {isa = PBXFileReference; lastKnownFileType = sourcecode.swift; path = ArtistViewController.swift; sourceTree = "<group>"; };
		0FAC732F2A7C521C00168DA4 /* ArtistCollectionViewCell.swift */ = {isa = PBXFileReference; lastKnownFileType = sourcecode.swift; path = ArtistCollectionViewCell.swift; sourceTree = "<group>"; };
		0FB30A762A86E3C6008B97A2 /* AlbumDetailViewController.swift */ = {isa = PBXFileReference; lastKnownFileType = sourcecode.swift; path = AlbumDetailViewController.swift; sourceTree = "<group>"; };
		0FB30A782A86EDC2008B97A2 /* AlbumDetailCollectionViewCell.swift */ = {isa = PBXFileReference; lastKnownFileType = sourcecode.swift; path = AlbumDetailCollectionViewCell.swift; sourceTree = "<group>"; };
		0FCB35B82A90EC7A004A73CD /* CoreDataStack.swift */ = {isa = PBXFileReference; lastKnownFileType = sourcecode.swift; path = CoreDataStack.swift; sourceTree = "<group>"; };
		0FE233382A81A4F6008B2D99 /* ImageLoader.swift */ = {isa = PBXFileReference; lastKnownFileType = sourcecode.swift; path = ImageLoader.swift; sourceTree = "<group>"; };
/* End PBXFileReference section */

/* Begin PBXFrameworksBuildPhase section */
		0F74E3C62A71D339007EED56 /* Frameworks */ = {
			isa = PBXFrameworksBuildPhase;
			buildActionMask = 2147483647;
			files = (
			);
			runOnlyForDeploymentPostprocessing = 0;
		};
/* End PBXFrameworksBuildPhase section */

/* Begin PBXGroup section */
		0F4256CA2A7A635100710303 /* Cells */ = {
			isa = PBXGroup;
			children = (
				0F4256CB2A7A8CBA00710303 /* GenreCollectionViewCell.swift */,
				0FAC732F2A7C521C00168DA4 /* ArtistCollectionViewCell.swift */,
				0F2DF9E22A7EFFEC00356508 /* AlbumCollectionViewCell.swift */,
				0FB30A782A86EDC2008B97A2 /* AlbumDetailCollectionViewCell.swift */,
				0F4FC4B22A8E84B200576734 /* LikesCollectionViewCell.swift */,
			);
			path = Cells;
			sourceTree = "<group>";
		};
		0F43A05B2A728044002D0D6C /* Model */ = {
			isa = PBXGroup;
			children = (
				0F4256CF2A7AA10600710303 /* GenreModel.swift */,
				0FAC732B2A7C503500168DA4 /* ArtistModel.swift */,
				0F8648542A7EE7A80059C736 /* AlbumListModel.swift */,
				0F9FAD832A88304200846530 /* AlbumDetailModel.swift */,
			);
			path = Model;
			sourceTree = "<group>";
		};
		0F43A05C2A72824D002D0D6C /* ViewModel */ = {
			isa = PBXGroup;
			children = (
				0FAC73292A7C501C00168DA4 /* ArtistViewModel.swift */,
				0F8648522A7EE7860059C736 /* ArtistDetailViewModel.swift */,
				0F9FAD852A88305A00846530 /* AlbumDetailViewModel.swift */,
				0F4FC4B62A8E850F00576734 /* LikesViewModel.swift */,
				0F1A9C1D2AA93505005E09C6 /* GenreViewModel.swift */,
			);
			path = ViewModel;
			sourceTree = "<group>";
		};
		0F43A05D2A72825D002D0D6C /* View */ = {
			isa = PBXGroup;
			children = (
				0F4256CA2A7A635100710303 /* Cells */,
				0F43A0602A728A1C002D0D6C /* GenreViewController.swift */,
				0FAC732D2A7C513B00168DA4 /* ArtistViewController.swift */,
				0F8648502A7EE7390059C736 /* ArtistDetailViewController.swift */,
				0FB30A762A86E3C6008B97A2 /* AlbumDetailViewController.swift */,
				0F4FC4B42A8E84D200576734 /* LikesViewController.swift */,
			);
			path = View;
			sourceTree = "<group>";
		};
		0F74E3C02A71D339007EED56 = {
			isa = PBXGroup;
			children = (
				0F74E3CB2A71D339007EED56 /* DeezerAppSwift */,
				0F74E3CA2A71D339007EED56 /* Products */,
			);
			sourceTree = "<group>";
		};
		0F74E3CA2A71D339007EED56 /* Products */ = {
			isa = PBXGroup;
			children = (
				0F74E3C92A71D339007EED56 /* DeezerAppSwift.app */,
			);
			name = Products;
			sourceTree = "<group>";
		};
		0F74E3CB2A71D339007EED56 /* DeezerAppSwift */ = {
			isa = PBXGroup;
			children = (
				0FCB35B72A90EC5D004A73CD /* Helpers */,
				0FE233372A81A4D9008B2D99 /* Services */,
				0F43A05D2A72825D002D0D6C /* View */,
				0F43A05C2A72824D002D0D6C /* ViewModel */,
				0F43A05B2A728044002D0D6C /* Model */,
				0F74E3CC2A71D339007EED56 /* AppDelegate.swift */,
				0F74E3CE2A71D339007EED56 /* SceneDelegate.swift */,
				0F6C682B2A90320B00168F83 /* LikeModel.xcdatamodeld */,
				0F74E3D22A71D339007EED56 /* Main.storyboard */,
				0F74E3D52A71D33E007EED56 /* Assets.xcassets */,
				0F74E3D72A71D33E007EED56 /* LaunchScreen.storyboard */,
				0F74E3DA2A71D33E007EED56 /* Info.plist */,
			);
			path = DeezerAppSwift;
			sourceTree = "<group>";
		};
		0FCB35B72A90EC5D004A73CD /* Helpers */ = {
			isa = PBXGroup;
			children = (
				0FCB35B82A90EC7A004A73CD /* CoreDataStack.swift */,
			);
			path = Helpers;
			sourceTree = "<group>";
		};
		0FE233372A81A4D9008B2D99 /* Services */ = {
			isa = PBXGroup;
			children = (
				0F4256D12A7AB89F00710303 /* APIManager.swift */,
				0FE233382A81A4F6008B2D99 /* ImageLoader.swift */,
				0F165B7C2A994DDF00A49A49 /* AudioManager.swift */,
			);
			path = Services;
			sourceTree = "<group>";
		};
/* End PBXGroup section */

/* Begin PBXNativeTarget section */
		0F74E3C82A71D339007EED56 /* DeezerAppSwift */ = {
			isa = PBXNativeTarget;
			buildConfigurationList = 0F74E3DD2A71D33E007EED56 /* Build configuration list for PBXNativeTarget "DeezerAppSwift" */;
			buildPhases = (
				0F74E3C52A71D339007EED56 /* Sources */,
				0F74E3C62A71D339007EED56 /* Frameworks */,
				0F74E3C72A71D339007EED56 /* Resources */,
			);
			buildRules = (
			);
			dependencies = (
			);
			name = DeezerAppSwift;
			productName = DeezerAppSwift;
			productReference = 0F74E3C92A71D339007EED56 /* DeezerAppSwift.app */;
			productType = "com.apple.product-type.application";
		};
/* End PBXNativeTarget section */

/* Begin PBXProject section */
		0F74E3C12A71D339007EED56 /* Project object */ = {
			isa = PBXProject;
			attributes = {
				BuildIndependentTargetsInParallel = 1;
				LastSwiftUpdateCheck = 1420;
				LastUpgradeCheck = 1420;
				TargetAttributes = {
					0F74E3C82A71D339007EED56 = {
						CreatedOnToolsVersion = 14.2;
					};
				};
			};
			buildConfigurationList = 0F74E3C42A71D339007EED56 /* Build configuration list for PBXProject "DeezerAppSwift" */;
			compatibilityVersion = "Xcode 14.0";
			developmentRegion = en;
			hasScannedForEncodings = 0;
			knownRegions = (
				en,
				Base,
			);
			mainGroup = 0F74E3C02A71D339007EED56;
			productRefGroup = 0F74E3CA2A71D339007EED56 /* Products */;
			projectDirPath = "";
			projectRoot = "";
			targets = (
				0F74E3C82A71D339007EED56 /* DeezerAppSwift */,
			);
		};
/* End PBXProject section */

/* Begin PBXResourcesBuildPhase section */
		0F74E3C72A71D339007EED56 /* Resources */ = {
			isa = PBXResourcesBuildPhase;
			buildActionMask = 2147483647;
			files = (
				0F74E3D92A71D33E007EED56 /* LaunchScreen.storyboard in Resources */,
				0F74E3D62A71D33E007EED56 /* Assets.xcassets in Resources */,
				0F74E3D42A71D339007EED56 /* Main.storyboard in Resources */,
			);
			runOnlyForDeploymentPostprocessing = 0;
		};
/* End PBXResourcesBuildPhase section */

/* Begin PBXSourcesBuildPhase section */
		0F74E3C52A71D339007EED56 /* Sources */ = {
			isa = PBXSourcesBuildPhase;
			buildActionMask = 2147483647;
			files = (
				0F1A9C1E2AA93505005E09C6 /* GenreViewModel.swift in Sources */,
				0FB30A792A86EDC2008B97A2 /* AlbumDetailCollectionViewCell.swift in Sources */,
				0F8648532A7EE7860059C736 /* ArtistDetailViewModel.swift in Sources */,
				0F4256CC2A7A8CBA00710303 /* GenreCollectionViewCell.swift in Sources */,
				0F6C682D2A90320B00168F83 /* LikeModel.xcdatamodeld in Sources */,
				0F4256D02A7AA10600710303 /* GenreModel.swift in Sources */,
				0FAC732C2A7C503500168DA4 /* ArtistModel.swift in Sources */,
				0FB30A772A86E3C6008B97A2 /* AlbumDetailViewController.swift in Sources */,
				0F74E3CD2A71D339007EED56 /* AppDelegate.swift in Sources */,
				0F8648512A7EE7390059C736 /* ArtistDetailViewController.swift in Sources */,
				0FE233392A81A4F6008B2D99 /* ImageLoader.swift in Sources */,
				0F9FAD842A88304200846530 /* AlbumDetailModel.swift in Sources */,
				0F4FC4B72A8E850F00576734 /* LikesViewModel.swift in Sources */,
				0FAC732A2A7C501C00168DA4 /* ArtistViewModel.swift in Sources */,
				0F4FC4B32A8E84B200576734 /* LikesCollectionViewCell.swift in Sources */,
				0F43A0612A728A1C002D0D6C /* GenreViewController.swift in Sources */,
				0F9FAD862A88305A00846530 /* AlbumDetailViewModel.swift in Sources */,
				0F74E3CF2A71D339007EED56 /* SceneDelegate.swift in Sources */,
				0FAC73302A7C521C00168DA4 /* ArtistCollectionViewCell.swift in Sources */,
				0F8648552A7EE7A80059C736 /* AlbumListModel.swift in Sources */,
				0F4256D22A7AB89F00710303 /* APIManager.swift in Sources */,
				0FAC732E2A7C513B00168DA4 /* ArtistViewController.swift in Sources */,
				0F2DF9E32A7EFFEC00356508 /* AlbumCollectionViewCell.swift in Sources */,
				0F165B7D2A994DDF00A49A49 /* AudioManager.swift in Sources */,
				0F4FC4B52A8E84D200576734 /* LikesViewController.swift in Sources */,
				0FCB35B92A90EC7A004A73CD /* CoreDataStack.swift in Sources */,
			);
			runOnlyForDeploymentPostprocessing = 0;
		};
/* End PBXSourcesBuildPhase section */

/* Begin PBXVariantGroup section */
		0F74E3D22A71D339007EED56 /* Main.storyboard */ = {
			isa = PBXVariantGroup;
			children = (
				0F74E3D32A71D339007EED56 /* Base */,
			);
			name = Main.storyboard;
			sourceTree = "<group>";
		};
		0F74E3D72A71D33E007EED56 /* LaunchScreen.storyboard */ = {
			isa = PBXVariantGroup;
			children = (
				0F74E3D82A71D33E007EED56 /* Base */,
			);
			name = LaunchScreen.storyboard;
			sourceTree = "<group>";
		};
/* End PBXVariantGroup section */

/* Begin XCBuildConfiguration section */
		0F74E3DB2A71D33E007EED56 /* Debug */ = {
			isa = XCBuildConfiguration;
			buildSettings = {
				ALWAYS_SEARCH_USER_PATHS = NO;
				CLANG_ANALYZER_NONNULL = YES;
				CLANG_ANALYZER_NUMBER_OBJECT_CONVERSION = YES_AGGRESSIVE;
				CLANG_CXX_LANGUAGE_STANDARD = "gnu++20";
				CLANG_ENABLE_MODULES = YES;
				CLANG_ENABLE_OBJC_ARC = YES;
				CLANG_ENABLE_OBJC_WEAK = YES;
				CLANG_WARN_BLOCK_CAPTURE_AUTORELEASING = YES;
				CLANG_WARN_BOOL_CONVERSION = YES;
				CLANG_WARN_COMMA = YES;
				CLANG_WARN_CONSTANT_CONVERSION = YES;
				CLANG_WARN_DEPRECATED_OBJC_IMPLEMENTATIONS = YES;
				CLANG_WARN_DIRECT_OBJC_ISA_USAGE = YES_ERROR;
				CLANG_WARN_DOCUMENTATION_COMMENTS = YES;
				CLANG_WARN_EMPTY_BODY = YES;
				CLANG_WARN_ENUM_CONVERSION = YES;
				CLANG_WARN_INFINITE_RECURSION = YES;
				CLANG_WARN_INT_CONVERSION = YES;
				CLANG_WARN_NON_LITERAL_NULL_CONVERSION = YES;
				CLANG_WARN_OBJC_IMPLICIT_RETAIN_SELF = YES;
				CLANG_WARN_OBJC_LITERAL_CONVERSION = YES;
				CLANG_WARN_OBJC_ROOT_CLASS = YES_ERROR;
				CLANG_WARN_QUOTED_INCLUDE_IN_FRAMEWORK_HEADER = YES;
				CLANG_WARN_RANGE_LOOP_ANALYSIS = YES;
				CLANG_WARN_STRICT_PROTOTYPES = YES;
				CLANG_WARN_SUSPICIOUS_MOVE = YES;
				CLANG_WARN_UNGUARDED_AVAILABILITY = YES_AGGRESSIVE;
				CLANG_WARN_UNREACHABLE_CODE = YES;
				CLANG_WARN__DUPLICATE_METHOD_MATCH = YES;
				COPY_PHASE_STRIP = NO;
				DEBUG_INFORMATION_FORMAT = dwarf;
				ENABLE_STRICT_OBJC_MSGSEND = YES;
				ENABLE_TESTABILITY = YES;
				GCC_C_LANGUAGE_STANDARD = gnu11;
				GCC_DYNAMIC_NO_PIC = NO;
				GCC_NO_COMMON_BLOCKS = YES;
				GCC_OPTIMIZATION_LEVEL = 0;
				GCC_PREPROCESSOR_DEFINITIONS = (
					"DEBUG=1",
					"$(inherited)",
				);
				GCC_WARN_64_TO_32_BIT_CONVERSION = YES;
				GCC_WARN_ABOUT_RETURN_TYPE = YES_ERROR;
				GCC_WARN_UNDECLARED_SELECTOR = YES;
				GCC_WARN_UNINITIALIZED_AUTOS = YES_AGGRESSIVE;
				GCC_WARN_UNUSED_FUNCTION = YES;
				GCC_WARN_UNUSED_VARIABLE = YES;
				IPHONEOS_DEPLOYMENT_TARGET = 16.2;
				MTL_ENABLE_DEBUG_INFO = INCLUDE_SOURCE;
				MTL_FAST_MATH = YES;
				ONLY_ACTIVE_ARCH = YES;
				SDKROOT = iphoneos;
				SWIFT_ACTIVE_COMPILATION_CONDITIONS = DEBUG;
				SWIFT_OPTIMIZATION_LEVEL = "-Onone";
			};
			name = Debug;
		};
		0F74E3DC2A71D33E007EED56 /* Release */ = {
			isa = XCBuildConfiguration;
			buildSettings = {
				ALWAYS_SEARCH_USER_PATHS = NO;
				CLANG_ANALYZER_NONNULL = YES;
				CLANG_ANALYZER_NUMBER_OBJECT_CONVERSION = YES_AGGRESSIVE;
				CLANG_CXX_LANGUAGE_STANDARD = "gnu++20";
				CLANG_ENABLE_MODULES = YES;
				CLANG_ENABLE_OBJC_ARC = YES;
				CLANG_ENABLE_OBJC_WEAK = YES;
				CLANG_WARN_BLOCK_CAPTURE_AUTORELEASING = YES;
				CLANG_WARN_BOOL_CONVERSION = YES;
				CLANG_WARN_COMMA = YES;
				CLANG_WARN_CONSTANT_CONVERSION = YES;
				CLANG_WARN_DEPRECATED_OBJC_IMPLEMENTATIONS = YES;
				CLANG_WARN_DIRECT_OBJC_ISA_USAGE = YES_ERROR;
				CLANG_WARN_DOCUMENTATION_COMMENTS = YES;
				CLANG_WARN_EMPTY_BODY = YES;
				CLANG_WARN_ENUM_CONVERSION = YES;
				CLANG_WARN_INFINITE_RECURSION = YES;
				CLANG_WARN_INT_CONVERSION = YES;
				CLANG_WARN_NON_LITERAL_NULL_CONVERSION = YES;
				CLANG_WARN_OBJC_IMPLICIT_RETAIN_SELF = YES;
				CLANG_WARN_OBJC_LITERAL_CONVERSION = YES;
				CLANG_WARN_OBJC_ROOT_CLASS = YES_ERROR;
				CLANG_WARN_QUOTED_INCLUDE_IN_FRAMEWORK_HEADER = YES;
				CLANG_WARN_RANGE_LOOP_ANALYSIS = YES;
				CLANG_WARN_STRICT_PROTOTYPES = YES;
				CLANG_WARN_SUSPICIOUS_MOVE = YES;
				CLANG_WARN_UNGUARDED_AVAILABILITY = YES_AGGRESSIVE;
				CLANG_WARN_UNREACHABLE_CODE = YES;
				CLANG_WARN__DUPLICATE_METHOD_MATCH = YES;
				COPY_PHASE_STRIP = NO;
				DEBUG_INFORMATION_FORMAT = "dwarf-with-dsym";
				ENABLE_NS_ASSERTIONS = NO;
				ENABLE_STRICT_OBJC_MSGSEND = YES;
				GCC_C_LANGUAGE_STANDARD = gnu11;
				GCC_NO_COMMON_BLOCKS = YES;
				GCC_WARN_64_TO_32_BIT_CONVERSION = YES;
				GCC_WARN_ABOUT_RETURN_TYPE = YES_ERROR;
				GCC_WARN_UNDECLARED_SELECTOR = YES;
				GCC_WARN_UNINITIALIZED_AUTOS = YES_AGGRESSIVE;
				GCC_WARN_UNUSED_FUNCTION = YES;
				GCC_WARN_UNUSED_VARIABLE = YES;
				IPHONEOS_DEPLOYMENT_TARGET = 16.2;
				MTL_ENABLE_DEBUG_INFO = NO;
				MTL_FAST_MATH = YES;
				SDKROOT = iphoneos;
				SWIFT_COMPILATION_MODE = wholemodule;
				SWIFT_OPTIMIZATION_LEVEL = "-O";
				VALIDATE_PRODUCT = YES;
			};
			name = Release;
		};
		0F74E3DE2A71D33E007EED56 /* Debug */ = {
			isa = XCBuildConfiguration;
			buildSettings = {
				ASSETCATALOG_COMPILER_APPICON_NAME = AppIcon;
				ASSETCATALOG_COMPILER_GLOBAL_ACCENT_COLOR_NAME = AccentColor;
				CODE_SIGN_STYLE = Automatic;
				CURRENT_PROJECT_VERSION = 1;
				DEVELOPMENT_TEAM = T56JGFA2A3;
				GENERATE_INFOPLIST_FILE = YES;
				INFOPLIST_FILE = DeezerAppSwift/Info.plist;
				INFOPLIST_KEY_UIApplicationSupportsIndirectInputEvents = YES;
				INFOPLIST_KEY_UILaunchStoryboardName = LaunchScreen;
				INFOPLIST_KEY_UIMainStoryboardFile = Main;
				INFOPLIST_KEY_UISupportedInterfaceOrientations = UIInterfaceOrientationPortrait;
				INFOPLIST_KEY_UISupportedInterfaceOrientations_iPad = "UIInterfaceOrientationLandscapeLeft UIInterfaceOrientationLandscapeRight UIInterfaceOrientationPortrait UIInterfaceOrientationPortraitUpsideDown";
				IPHONEOS_DEPLOYMENT_TARGET = 14.0;
				LD_RUNPATH_SEARCH_PATHS = (
					"$(inherited)",
					"@executable_path/Frameworks",
				);
				MARKETING_VERSION = 1.0;
				PRODUCT_BUNDLE_IDENTIFIER = com.sadistmagician.DeezerAppSwift;
				PRODUCT_NAME = "$(TARGET_NAME)";
				SWIFT_EMIT_LOC_STRINGS = YES;
				SWIFT_VERSION = 5.0;
				TARGETED_DEVICE_FAMILY = "1,2";
			};
			name = Debug;
		};
		0F74E3DF2A71D33E007EED56 /* Release */ = {
			isa = XCBuildConfiguration;
			buildSettings = {
				ASSETCATALOG_COMPILER_APPICON_NAME = AppIcon;
				ASSETCATALOG_COMPILER_GLOBAL_ACCENT_COLOR_NAME = AccentColor;
				CODE_SIGN_STYLE = Automatic;
				CURRENT_PROJECT_VERSION = 1;
				DEVELOPMENT_TEAM = T56JGFA2A3;
				GENERATE_INFOPLIST_FILE = YES;
				INFOPLIST_FILE = DeezerAppSwift/Info.plist;
				INFOPLIST_KEY_UIApplicationSupportsIndirectInputEvents = YES;
				INFOPLIST_KEY_UILaunchStoryboardName = LaunchScreen;
				INFOPLIST_KEY_UIMainStoryboardFile = Main;
				INFOPLIST_KEY_UISupportedInterfaceOrientations = UIInterfaceOrientationPortrait;
				INFOPLIST_KEY_UISupportedInterfaceOrientations_iPad = "UIInterfaceOrientationLandscapeLeft UIInterfaceOrientationLandscapeRight UIInterfaceOrientationPortrait UIInterfaceOrientationPortraitUpsideDown";
				IPHONEOS_DEPLOYMENT_TARGET = 14.0;
				LD_RUNPATH_SEARCH_PATHS = (
					"$(inherited)",
					"@executable_path/Frameworks",
				);
				MARKETING_VERSION = 1.0;
				PRODUCT_BUNDLE_IDENTIFIER = com.sadistmagician.DeezerAppSwift;
				PRODUCT_NAME = "$(TARGET_NAME)";
				SWIFT_EMIT_LOC_STRINGS = YES;
				SWIFT_VERSION = 5.0;
				TARGETED_DEVICE_FAMILY = "1,2";
			};
			name = Release;
		};
/* End XCBuildConfiguration section */

/* Begin XCConfigurationList section */
		0F74E3C42A71D339007EED56 /* Build configuration list for PBXProject "DeezerAppSwift" */ = {
			isa = XCConfigurationList;
			buildConfigurations = (
				0F74E3DB2A71D33E007EED56 /* Debug */,
				0F74E3DC2A71D33E007EED56 /* Release */,
			);
			defaultConfigurationIsVisible = 0;
			defaultConfigurationName = Release;
		};
		0F74E3DD2A71D33E007EED56 /* Build configuration list for PBXNativeTarget "DeezerAppSwift" */ = {
			isa = XCConfigurationList;
			buildConfigurations = (
				0F74E3DE2A71D33E007EED56 /* Debug */,
				0F74E3DF2A71D33E007EED56 /* Release */,
			);
			defaultConfigurationIsVisible = 0;
			defaultConfigurationName = Release;
		};
/* End XCConfigurationList section */

/* Begin XCVersionGroup section */
		0F6C682B2A90320B00168F83 /* LikeModel.xcdatamodeld */ = {
			isa = XCVersionGroup;
			children = (
				0F6C682C2A90320B00168F83 /* LikeModel.xcdatamodel */,
			);
			currentVersion = 0F6C682C2A90320B00168F83 /* LikeModel.xcdatamodel */;
			path = LikeModel.xcdatamodeld;
			sourceTree = "<group>";
			versionGroupType = wrapper.xcdatamodel;
		};
/* End XCVersionGroup section */
	};
	rootObject = 0F74E3C12A71D339007EED56 /* Project object */;
}
